
Microsoft Visual Studio Solution File, Format Version 12.00
# Visual Studio Version 16
VisualStudioVersion = 16.0.29424.173
MinimumVisualStudioVersion = 10.0.40219.1
Project("{FAE04EC0-301F-11D3-BF4B-00C04F79EFBC}") = "DemoApp", "DemoApp\DemoApp.csproj", "{941CC39B-F80B-42AE-AA27-A7A9C80A5040}"
EndProject
Global
	GlobalSection(SolutionConfigurationPlatforms) = preSolution
		Debug|Any CPU = Debug|Any CPU
		Release|Any CPU = Release|Any CPU
	EndGlobalSection
	GlobalSection(ProjectConfigurationPlatforms) = postSolution
		{941CC39B-F80B-42AE-AA27-A7A9C80A5040}.Debug|Any CPU.ActiveCfg = Debug|Any CPU
		{941CC39B-F80B-42AE-AA27-A7A9C80A5040}.Debug|Any CPU.Build.0 = Debug|Any CPU
		{941CC39B-F80B-42AE-AA27-A7A9C80A5040}.Release|Any CPU.ActiveCfg = Release|Any CPU
		{941CC39B-F80B-42AE-AA27-A7A9C80A5040}.Release|Any CPU.Build.0 = Release|Any CPU
	EndGlobalSection
	GlobalSection(SolutionProperties) = preSolution
		HideSolutionNode = FALSE
	EndGlobalSection
	GlobalSection(ExtensibilityGlobals) = postSolution
		SolutionGuid = {74DBDAEC-6451-4A80-80F7-C2B0422B6667}
	EndGlobalSection
EndGlobal
